# THIS IS AN AUTOGENERATED FILE. DO NOT EDIT THIS FILE DIRECTLY.
# yarn lockfile v1


file-name@0.1.0:
  version "0.1.0"
  resolved "https://registry.yarnpkg.com/file-name/-/file-name-0.1.0.tgz#12b122f120f9c34dbc176c1ab81a548aced6def7"
  integrity sha1-ErEi8SD5w028F2wauBpUis7W3vc=

insert-line@1.1.0:
  version "1.1.0"
  resolved "https://registry.yarnpkg.com/insert-line/-/insert-line-1.1.0.tgz#6dcc0003505f009a2ba8e8ed6a4d42386439fd0f"
  integrity sha1-bcwAA1BfAJorqOjtak1COGQ5/Q8=
